cloud.google.com/go v0.34.0/go.mod h1:aQUYkXzVsufM+DwF1aE+0xfcU+56JwCaLick0ClmMTw=
github.com/PuerkitoBio/goquery v1.8.0 h1:PJTF7AmFCFKk1N6V6jmKfrNH9tV5pNE6lZMkG0gta/U=
github.com/PuerkitoBio/goquery v1.8.0/go.mod h1:ypIiRMtY7COPGk+I/YbZLbxsxn9g5ejnI2HSMtkjZvI=
github.com/andybalholm/cascadia v1.3.1 h1:nhxRkql1kdYCc8Snf7D5/D3spOX+dBgjA6u8x004T2c=
github.com/andybalholm/cascadia v1.3.1/go.mod h1:R4bJ1UQfqADjvDa4P6HZHLh/3OxWWEqc0Sk8XGwHqvA=
github.com/aws/aws-lambda-go v1.41.0 h1:l/5fyVb6Ud9uYd411xdHZzSf2n86TakxzpvIoz7l+3Y=
github.com/aws/aws-lambda-go v1.41.0/go.mod h1:jwFe2KmMsHmffA1X2R09hH6lFzJQxzI8qK17ewzbQMM=
github.com/aws/aws-sdk-go-v2 v1.13.0/go.mod h1:L6+ZpqHaLbAaxsqV0L4cvxZY7QupWJB4fhkf8LXvC7w=
github.com/aws/aws-sdk-go-v2 v1.16.14 h1:db6GvO4Z2UqHt5gvT0lr6J5x5P+oQ7bdRzczVaRekMU=
github.com/aws/aws-sdk-go-v2 v1.16.14/go.mod h1:s/G+UV29dECbF5rf+RNj1xhlmvoNurGSr+McVSRj59w=
github.com/aws/aws-sdk-go-v2/config v1.13.1 h1:yLv8bfNoT4r+UvUKQKqRtdnvuWGMK5a82l4ru9Jvnuo=
github.com/aws/aws-sdk-go-v2/config v1.13.1/go.mod h1:Ba5Z4yL/UGbjQUzsiaN378YobhFo0MLfueXGiOsYtEs=
github.com/aws/aws-sdk-go-v2/credentials v1.8.0 h1:8Ow0WcyDesGNL0No11jcgb1JAtE+WtubqXjgxau+S0o=
github.com/aws/aws-sdk-go-v2/credentials v1.8.0/go.mod h1:gnMo58Vwx3Mu7hj1wpcG8DI0s57c9o42UQ6wgTQT5to=
github.com/aws/aws-sdk-go-v2/feature/ec2/imds v1.10.0 h1:NITDuUZO34mqtOwFWZiXo7yAHj7kf+XPE+EiKuCBNUI=
github.com/aws/aws-sdk-go-v2/feature/ec2/imds v1.10.0/go.mod h1:I6/fHT/fH460v09eg2gVrd8B/IqskhNdpcLH0WNO3QI=
github.com/aws/aws-sdk-go-v2/internal/configsources v1.1.4/go.mod h1:XHgQ7Hz2WY2GAn//UXHofLfPXWh+s62MbMOijrg12Lw=
github.com/aws/aws-sdk-go-v2/internal/configsources v1.1.21 h1:gRIXnmAVNyoRQywdNtpAkgY+f30QNzgF53Q5OobNZZs=
github.com/aws/aws-sdk-go-v2/internal/configsources v1.1.21/go.mod h1:XsmHMV9c512xgsW01q7H0ut+UQQQpWX8QsFbdLHDwaU=
github.com/aws/aws-sdk-go-v2/internal/endpoints/v2 v2.2.0/go.mod h1:BsCSJHx5DnDXIrOcqB8KN1/B+hXLG/bi4Y6Vjcx/x9E=
github.com/aws/aws-sdk-go-v2/internal/endpoints/v2 v2.4.15 h1:noAhOo2mMDyYhTx99aYPvQw16T3fQ/DiKAv9fzpIKH8=
github.com/aws/aws-sdk-go-v2/internal/endpoints/v2 v2.4.15/go.mod h1:kjJ4CyD9M3Wq88GYg3IPfj67Rs0Uvz8aXK7MJ8BvE4I=
github.com/aws/aws-sdk-go-v2/internal/ini v1.3.5 h1:ixotxbfTCFpqbuwFv/RcZwyzhkxPSYDYEMcj4niB5Uk=
github.com/aws/aws-sdk-go-v2/internal/ini v1.3.5/go.mod h1:R3sWUqPcfXSiF/LSFJhjyJmpg9uV6yP2yv3YZZjldVI=
github.com/aws/aws-sdk-go-v2/service/internal/presigned-url v1.7.0 h1:4QAOB3KrvI1ApJK14sliGr3Ie2pjyvNypn/lfzDHfUw=
github.com/aws/aws-sdk-go-v2/service/internal/presigned-url v1.7.0/go.mod h1:K/qPe6AP2TGYv4l6n7c88zh9jWBDf6nHhvg1fx/EWfU=
github.com/aws/aws-sdk-go-v2/service/polly v1.11.0 h1:ccNGSzbhrcqDPenzbkK4SRvQSLaMvtGu/1xUPvVGvX8=
github.com/aws/aws-sdk-go-v2/service/polly v1.11.0/go.mod h1:SVx5obKUdnoBiQPfygJkgSpfaIJrWEV1ot2IK6Qo/lM=
github.com/aws/aws-sdk-go-v2/service/ssm v1.27.13 h1:frTWO9DxuGG9zzV5F3gvc9ondPUd/Ae7x1lXJt+4Fwg=
github.com/aws/aws-sdk-go-v2/service/ssm v1.27.13/go.mod h1:DLGkJX+FzEhluRGOTf9eejrDPu1gZ+1GuNkgLYdnPFM=
github.com/aws/aws-sdk-go-v2/service/sso v1.9.0 h1:1qLJeQGBmNQW3mBNzK2CFmrQNmoXWrscPqsrAaU1aTA=
github.com/aws/aws-sdk-go-v2/service/sso v1.9.0/go.mod h1:vCV4glupK3tR7pw7ks7Y4jYRL86VvxS+g5qk04YeWrU=
github.com/aws/aws-sdk-go-v2/service/sts v1.14.0 h1:ksiDXhvNYg0D2/UFkLejsaz3LqpW5yjNQ8Nx9Sn2c0E=
github.com/aws/aws-sdk-go-v2/service/sts v1.14.0/go.mod h1:u0xMJKDvvfocRjiozsoZglVNXRG19043xzp3r2ivLIk=
github.com/aws/smithy-go v1.10.0/go.mod h1:SObp3lf9smib00L/v3U2eAKG8FyQ7iLrJnQiAmR5n+E=
github.com/aws/smithy-go v1.13.2 h1:TBLKyeJfXTrTXRHmsv4qWt9IQGYyWThLYaJWSahTOGE=
github.com/aws/smithy-go v1.13.2/go.mod h1:Tg+OJXh4MB2R/uN61Ko2f6hTZwB/ZYGOtib8J3gBHzA=
github.com/bwmarrin/discordgo v0.26.1 h1:AIrM+g3cl+iYBr4yBxCBp9tD9jR3K7upEjl0d89FRkE=
github.com/bwmarrin/discordgo v0.26.1/go.mod h1:NJZpH+1AfhIcyQsPeuBKsUtYrRnjkyu0kIVMCHkZtRY=
github.com/davecgh/go-spew v1.1.0/go.mod h1:J7Y8YcW2NihsgmVo/mv3lAwl/skON4iLHjSsI+c5H38=
github.com/davecgh/go-spew v1.1.1 h1:vj9j/u1bqnvCEfJOwUhtlOARqs3+rkHYY13jYWTU97c=
github.com/golang/protobuf v1.2.0 h1:P3YflyNX/ehuJFLhxviNdFxQPkGK5cDcApsge1SqnvM=
github.com/golang/protobuf v1.2.0/go.mod h1:6lQm79b+lXiMfvg/cZm0SGofjICqVBUtrP5yJMmIC1U=
github.com/google/go-cmp v0.5.4/go.mod h1:v8dTdLbMG2kIc/vJvl+f65V22dbkXbowE6jgT/gNBxE=
github.com/google/go-cmp v0.5.6/go.mod h1:v8dTdLbMG2kIc/vJvl+f65V22dbkXbowE6jgT/gNBxE=
github.com/google/go-cmp v0.5.8 h1:e6P7q2lk1O+qJJb4BtCQXlK8vWEO8V1ZeuEdJNOqZyg=
github.com/google/go-cmp v0.5.8/go.mod h1:17dUlkBOakJ0+DkrSSNjCkIjxS6bF9zb3elmeNGIjoY=
github.com/google/go-querystring v1.0.0 h1:Xkwi/a1rcvNg1PPYe5vI8GbeBY/jrVuDX5ASuANWTrk=
github.com/google/go-querystring v1.0.0/go.mod h1:odCYkC5MyYFN7vkCjXpyrEuKhc/BUO6wN/zVPAxq5ck=
github.com/gorilla/websocket v1.4.2/go.mod h1:YR8l580nyteQvAITg2hZ9XVh4b55+EU/adAjf1fMHhE=
github.com/gorilla/websocket v1.5.0 h1:PPwGk2jz7EePpoHN/+ClbZu8SPxiqlu12wZP/3sWmnc=
github.com/gorilla/websocket v1.5.0/go.mod h1:YR8l580nyteQvAITg2hZ9XVh4b55+EU/adAjf1fMHhE=
github.com/jmespath/go-jmespath v0.4.0 h1:BEgLn5cpjn8UN1mAw4NjwDrS35OdebyEtFe+9YPoQUg=
github.com/jmespath/go-jmespath v0.4.0/go.mod h1:T8mJZnbsbmF+m6zOOFylbeCJqk5+pHWvzYPziyZiYoo=
github.com/jmespath/go-jmespath/internal/testify v1.5.1 h1:shLQSRRSCCPj3f2gpwzGwWFoC7ycTf1rcQZHOlsJ6N8=
github.com/jmespath/go-jmespath/internal/testify v1.5.1/go.mod h1:L3OGu8Wl2/fWfCI6z80xFu9LTZmf1ZRjMHUOPmWr69U=
github.com/joho/godotenv v1.4.0 h1:3l4+N6zfMWnkbPEXKng2o2/MR5mSwTrBih4ZEkkz1lg=
github.com/joho/godotenv v1.4.0/go.mod h1:f4LDr5Voq0i2e/R5DDNOoa2zzDfwtkZa6DnEwAbqwq4=
github.com/jonas747/dca v0.0.0-20210930103944-155f5e5f0cc7 h1:Iw1pZVDiq4tY8hO7Wt1D1EqDC0BmMw/bFO/Rdt4gs9Q=
github.com/jonas747/dca v0.0.0-20210930103944-155f5e5f0cc7/go.mod h1:rxjYX9OJU81unMxQDHChU/lAiOhlY9MV+faPX/NmwLk=
github.com/jonas747/ogg v0.0.0-20161220051205-b4f6f4cf3757 h1:Kyv+zTfWIGRNaz/4+lS+CxvuKVZSKFz/6G8E3BKKBRs=
github.com/jonas747/ogg v0.0.0-20161220051205-b4f6f4cf3757/go.mod h1:cZnNmdLiLpihzgIVqiaQppi9Ts3D4qF/M45//yW35nI=
github.com/pmezard/go-difflib v1.0.0 h1:4DBwDE0NGyQoBHbLQYPwSUPoCMWR5BEzIk/f1lZbAQM=
github.com/pmezard/go-difflib v1.0.0/go.mod h1:iKH77koFhYxTK1pcRnkKkqfTogsbg7gZNVY4sRDYZ/4=
github.com/stollenaar/copypastabotv2/cmd/markov v0.0.0-20230914223259-1f7a298f3fc4 h1:KK2wouBCiE5wNK4cAHpKWyGaTeNuq7dPm09+rtbXniI=
github.com/stollenaar/copypastabotv2/cmd/markov v0.0.0-20230914223259-1f7a298f3fc4/go.mod h1:F7yxWjM4LWm08bPC3YzVEMKOtJcroOGuuCEbMpXREec=
github.com/stollenaar/copypastabotv2/internal/markov v0.0.0-20230914223259-1f7a298f3fc4 h1:xK7jKss8Dz9F94T/gRpHO6P1UxUzqZ0EPVl4G17h+2Q=
github.com/stollenaar/copypastabotv2/internal/markov v0.0.0-20230914223259-1f7a298f3fc4/go.mod h1:egav7sBjm682gr3pst7ZLv8hbcuLc0zKDETIeGHLz80=
github.com/stollenaar/copypastabotv2/internal/util v0.0.0-20230914223259-1f7a298f3fc4 h1:DHqGCS420pXlY5HcIIX8OXYl2nyNL4QCeiPwGGpiXM0=
github.com/stollenaar/copypastabotv2/internal/util v0.0.0-20230914223259-1f7a298f3fc4/go.mod h1:HB4E/OQ7NWeJJHbJIvmX5JUvGeJ10Tmv0HyMyVEVV7Y=
github.com/stretchr/objx v0.1.0/go.mod h1:HFkY916IF+rwdDfMAkV7OtwuqBVzrE8GR6GFx+wExME=
github.com/stretchr/testify v1.5.1/go.mod h1:5W2xD1RspED5o8YsWQXVCued0rvSQ+mT+I5cxcmMvtA=
github.com/stretchr/testify v1.7.2 h1:4jaiDzPyXQvSd7D0EjG45355tLlV3VOECpq10pLC+8s=
github.com/vartanbeno/go-reddit/v2 v2.0.1 h1:P6ITpf5YHjdy7DHZIbUIDn/iNAoGcEoDQnMa+L4vutw=
github.com/vartanbeno/go-reddit/v2 v2.0.1/go.mod h1:758/S10hwZSLm43NPtwoNQdZFSg3sjB5745Mwjb0ANI=
golang.org/x/crypto v0.0.0-20210421170649-83a5a9bb288b h1:7mWr3k41Qtv8XlltBkDkl8LoP3mpSgBW8BUoxtEdbXg=
golang.org/x/crypto v0.0.0-20210421170649-83a5a9bb288b/go.mod h1:T9bdIzuCu7OtxOm1hfPfRQxPLYneinmdGuTeoZ9dtd4=
golang.org/x/net v0.0.0-20180724234803-3673e40ba225/go.mod h1:mL1N/T3taQHkDXs73rZJwtUhF3w3ftmwwsq0BUmARs4=
golang.org/x/net v0.0.0-20190108225652-1e06a53dbb7e/go.mod h1:mL1N/T3taQHkDXs73rZJwtUhF3w3ftmwwsq0BUmARs4=
golang.org/x/net v0.0.0-20210226172049-e18ecbb05110/go.mod h1:m0MpNAwzfU5UDzcl9v0D8zg8gWTRqZa9RBIspLL5mdg=
golang.org/x/net v0.0.0-20210916014120-12bc252f5db8/go.mod h1:9nx3DQGgdP8bBQD5qxJ1jj9UTztislL4KSBs9R2vV5Y=
golang.org/x/net v0.0.0-20220127200216-cd36cc0744dd h1:O7DYs+zxREGLKzKoMQrtrEacpb0ZVXA5rIwylE2Xchk=
golang.org/x/net v0.0.0-20220127200216-cd36cc0744dd/go.mod h1:CfG3xpIq0wQ8r1q4Su4UZFWDARRcnwPjda9FqA0JpMk=
golang.org/x/oauth2 v0.0.0-20200107190931-bf48bf16ab8d h1:TzXSXBo42m9gQenoE3b9BGiEpg5IG2JkU5FkPIawgtw=
golang.org/x/oauth2 v0.0.0-20200107190931-bf48bf16ab8d/go.mod h1:gOpvHmFTYa4IltrdGE7lF6nIHvwfUNPOp7c8zoXwtLw=
golang.org/x/sync v0.0.0-20181221193216-37e7f081c4d4 h1:YUO/7uOKsKeq9UokNS62b8FYywz3ker1l1vDZRCRefw=
golang.org/x/sync v0.0.0-20181221193216-37e7f081c4d4/go.mod h1:RxMgew5VJxzue5/jJTE5uejpjVlOe/izrB70Jof72aM=
golang.org/x/sys v0.0.0-20201119102817-f84b799fce68/go.mod h1:h1NjWce9XRLGQEsW7wpKNCjG9DtNlClVuFLEZdDNbEs=
golang.org/x/sys v0.0.0-20210423082822-04245dca01da/go.mod h1:h1NjWce9XRLGQEsW7wpKNCjG9DtNlClVuFLEZdDNbEs=
golang.org/x/sys v0.0.0-20211216021012-1d35b9e2eb4e h1:fLOSk5Q00efkSvAm+4xcoXD+RRmLmmulPn5I3Y9F2EM=
golang.org/x/sys v0.0.0-20211216021012-1d35b9e2eb4e/go.mod h1:oPkhp1MJrh7nUepCBck5+mAzfO9JrbApNNgaTdGDITg=
golang.org/x/term v0.0.0-20201126162022-7de9c90e9dd1/go.mod h1:bj7SfCRtBDWHUb9snDiAeCFNEtKQo2Wmx5Cou7ajbmo=
golang.org/x/text v0.3.0/go.mod h1:NqM8EUOU14njkJ3fqMW+pc6Ldnwhi/IjpwHt7yyuwOQ=
golang.org/x/text v0.3.3/go.mod h1:5Zoc/QRtKVWzQhOtBMvqHzDpF6irO9z98xDceosuGiQ=
golang.org/x/text v0.3.6/go.mod h1:5Zoc/QRtKVWzQhOtBMvqHzDpF6irO9z98xDceosuGiQ=
golang.org/x/text v0.3.7 h1:olpwvP2KacW1ZWvsR7uQhoyTYvKAupfQrRGBFM352Gk=
golang.org/x/text v0.3.7/go.mod h1:u+2+/6zg+i71rQMx5EYifcz6MCKuco9NR6JIITiCfzQ=
golang.org/x/tools v0.0.0-20180917221912-90fa682c2a6e/go.mod h1:n7NCudcB/nEzxVGmLbDWY5pfWTLqBcC2KZ6jyYvM4mQ=
golang.org/x/xerrors v0.0.0-20191204190536-9bdfabe68543/go.mod h1:I/5z698sn9Ka8TeJc9MKroUUfqBBauWjQqLJ2OPfmY0=
google.golang.org/appengine v1.4.0 h1:/wp5JvzpHIxhs/dumFmF7BXTf3Z+dd4uXta4kVyO508=
google.golang.org/appengine v1.4.0/go.mod h1:xpcJRLb0r/rnEns0DIKYYv+WjYCduHsrkT7/EB5XEv4=
gopkg.in/check.v1 v0.0.0-20161208181325-20d25e280405/go.mod h1:Co6ibVJAznAaIkqp8huTwlJQCZ016jof/cbN4VW5Yz0=
gopkg.in/yaml.v2 v2.2.2/go.mod h1:hI93XBmqTisBFMUTm0b8Fm+jr3Dg1NNxqwp+5A1VGuI=
gopkg.in/yaml.v2 v2.2.8 h1:obN1ZagJSUGI0Ek/LBmuj4SNLPfIny3KsKFopxRdj10=
gopkg.in/yaml.v2 v2.2.8/go.mod h1:hI93XBmqTisBFMUTm0b8Fm+jr3Dg1NNxqwp+5A1VGuI=
gopkg.in/yaml.v3 v3.0.1 h1:fxVm/GzAzEWqLHuvctI91KS9hhNmmWOoWu0XTYJS7CA=
